<Solution>
  <Project Path="ECommerceApp.Api/ECommerceApp.Api.csproj" />
  <Project Path="ECommerceApp.Application/ECommerceApp.Application.csproj" />
  <Project Path="ECommerceApp.Domain/ECommerceApp.Domain.csproj" />
  <Project Path="ECommerceApp.Infrastructure/ECommerceApp.Infrastructure.csproj" />
  <Project Path="ECommerceApp.Shared/ECommerceApp.Shared.csproj" />
</Solution>
